
Microsoft Visual Studio Solution File, Format Version 12.00
# Visual Studio Version 17
VisualStudioVersion = 17.11.35222.181
MinimumVisualStudioVersion = 10.0.40219.1
Project("{FAE04EC0-301F-11D3-BF4B-00C04F79EFBC}") = "LoginApp", "LoginApp\LoginApp.csproj", "{608D673E-DD96-470F-9E5F-1240C3532F67}"
EndProject
Global
	GlobalSection(SolutionConfigurationPlatforms) = preSolution
		Debug|Any CPU = Debug|Any CPU
		Release|Any CPU = Release|Any CPU
	EndGlobalSection
	GlobalSection(ProjectConfigurationPlatforms) = postSolution
		{608D673E-DD96-470F-9E5F-1240C3532F67}.Debug|Any CPU.ActiveCfg = Debug|Any CPU
		{608D673E-DD96-470F-9E5F-1240C3532F67}.Debug|Any CPU.Build.0 = Debug|Any CPU
		{608D673E-DD96-470F-9E5F-1240C3532F67}.Release|Any CPU.ActiveCfg = Release|Any CPU
		{608D673E-DD96-470F-9E5F-1240C3532F67}.Release|Any CPU.Build.0 = Release|Any CPU
	EndGlobalSection
	GlobalSection(SolutionProperties) = preSolution
		HideSolutionNode = FALSE
	EndGlobalSection
	GlobalSection(ExtensibilityGlobals) = postSolution
		SolutionGuid = {EC89C70F-4A2C-431A-8A16-54C7DAC799D3}
	EndGlobalSection
EndGlobal
